
Microsoft Visual Studio Solution File, Format Version 12.00
# Visual Studio 15
VisualStudioVersion = 15.0.28307.757
MinimumVisualStudioVersion = 10.0.40219.1
Project("{9A19103F-16F7-4668-BE54-9A1E7A4F7556}") = "CompassTask", "CompassTask\CompassTask.csproj", "{AF71C002-85A9-416B-80D4-612610CF3737}"
EndProject
Project("{FAE04EC0-301F-11D3-BF4B-00C04F79EFBC}") = "Task-Front", "Task-Front\Task-Front.csproj", "{FC4C820B-B6A1-4C66-B142-3F4BABA64AED}"
EndProject
Global
	GlobalSection(SolutionConfigurationPlatforms) = preSolution
		Debug|Any CPU = Debug|Any CPU
		Release|Any CPU = Release|Any CPU
	EndGlobalSection
	GlobalSection(ProjectConfigurationPlatforms) = postSolution
		{AF71C002-85A9-416B-80D4-612610CF3737}.Debug|Any CPU.ActiveCfg = Debug|Any CPU
		{AF71C002-85A9-416B-80D4-612610CF3737}.Debug|Any CPU.Build.0 = Debug|Any CPU
		{AF71C002-85A9-416B-80D4-612610CF3737}.Release|Any CPU.ActiveCfg = Release|Any CPU
		{AF71C002-85A9-416B-80D4-612610CF3737}.Release|Any CPU.Build.0 = Release|Any CPU
		{FC4C820B-B6A1-4C66-B142-3F4BABA64AED}.Debug|Any CPU.ActiveCfg = Debug|Any CPU
		{FC4C820B-B6A1-4C66-B142-3F4BABA64AED}.Debug|Any CPU.Build.0 = Debug|Any CPU
		{FC4C820B-B6A1-4C66-B142-3F4BABA64AED}.Release|Any CPU.ActiveCfg = Release|Any CPU
		{FC4C820B-B6A1-4C66-B142-3F4BABA64AED}.Release|Any CPU.Build.0 = Release|Any CPU
	EndGlobalSection
	GlobalSection(SolutionProperties) = preSolution
		HideSolutionNode = FALSE
	EndGlobalSection
	GlobalSection(ExtensibilityGlobals) = postSolution
		SolutionGuid = {3151644B-7CEB-43D7-8056-6DBAC0291951}
	EndGlobalSection
EndGlobal
